
Microsoft Visual Studio Solution File, Format Version 12.00
# Visual Studio Version 16
VisualStudioVersion = 16.0.30309.148
MinimumVisualStudioVersion = 10.0.40219.1
Project("{9A19103F-16F7-4668-BE54-9A1E7A4F7556}") = "Web", "src\Web\Web.csproj", "{29E2C75F-19D0-4EB0-9237-3B86DE2F273F}"
EndProject
Project("{2150E333-8FDC-42A3-9474-1A3956D46DE8}") = "Data", "Data", "{54E8D048-8E32-4E1A-B4FF-010630C6EFE1}"
EndProject
Project("{2150E333-8FDC-42A3-9474-1A3956D46DE8}") = "Services", "Services", "{540B3698-CF8B-4FAB-B3CF-FF6E32DF5EB2}"
EndProject
Project("{9A19103F-16F7-4668-BE54-9A1E7A4F7556}") = "Data.Identity", "..\Data\Data.Identity\Data.Identity.csproj", "{8C79ACEC-3ACF-4748-9301-0CA3716CB01C}"
EndProject
Project("{9A19103F-16F7-4668-BE54-9A1E7A4F7556}") = "Baskets", "..\Services\Baskets\src\Baskets\Baskets.csproj", "{322E53A1-431A-4FB7-A1C6-60E1C5FFFEAF}"
EndProject
Project("{9A19103F-16F7-4668-BE54-9A1E7A4F7556}") = "Catalogue", "..\Services\Catalogue\src\Catalogue\Catalogue.csproj", "{4ECFD72E-2786-4F8D-B921-DA8A0E53B459}"
EndProject
Project("{9A19103F-16F7-4668-BE54-9A1E7A4F7556}") = "Orders", "..\Services\Orders\src\Orders\Orders.csproj", "{FC19FE7B-9F81-4A4B-ACD1-DEB80E09692B}"
EndProject
Project("{9A19103F-16F7-4668-BE54-9A1E7A4F7556}") = "Payments", "..\Services\Payments\src\Payments\Payments.csproj", "{15F2DAF4-0CED-4501-8364-36C0022C1C22}"
EndProject
Project("{9A19103F-16F7-4668-BE54-9A1E7A4F7556}") = "Search", "..\Services\Search\src\Search\Search.csproj", "{80BCEBCB-1F77-42D4-98BC-7C64DA13958D}"
EndProject
Project("{FAE04EC0-301F-11D3-BF4B-00C04F79EFBC}") = "Data.Catalogue", "..\Data\Data.Catalogue\Data.Catalogue.csproj", "{7F718260-6E72-480B-8100-152D2D4FB2CB}"
EndProject
Project("{9A19103F-16F7-4668-BE54-9A1E7A4F7556}") = "Data.Order", "..\Data\Data.Order\Data.Order.csproj", "{3D2AE079-7544-4AD5-B763-56FCE6809CC6}"
EndProject
Project("{FAE04EC0-301F-11D3-BF4B-00C04F79EFBC}") = "Data.Basket", "..\Data\Data.Basket\Data.Basket.csproj", "{F075C2B0-498B-4991-A56A-28F1E44D6A22}"
EndProject
Global
	GlobalSection(SolutionConfigurationPlatforms) = preSolution
		Debug|Any CPU = Debug|Any CPU
		Release|Any CPU = Release|Any CPU
	EndGlobalSection
	GlobalSection(ProjectConfigurationPlatforms) = postSolution
		{29E2C75F-19D0-4EB0-9237-3B86DE2F273F}.Debug|Any CPU.ActiveCfg = Debug|Any CPU
		{29E2C75F-19D0-4EB0-9237-3B86DE2F273F}.Debug|Any CPU.Build.0 = Debug|Any CPU
		{29E2C75F-19D0-4EB0-9237-3B86DE2F273F}.Release|Any CPU.ActiveCfg = Release|Any CPU
		{29E2C75F-19D0-4EB0-9237-3B86DE2F273F}.Release|Any CPU.Build.0 = Release|Any CPU
		{8C79ACEC-3ACF-4748-9301-0CA3716CB01C}.Debug|Any CPU.ActiveCfg = Debug|Any CPU
		{8C79ACEC-3ACF-4748-9301-0CA3716CB01C}.Debug|Any CPU.Build.0 = Debug|Any CPU
		{8C79ACEC-3ACF-4748-9301-0CA3716CB01C}.Release|Any CPU.ActiveCfg = Release|Any CPU
		{8C79ACEC-3ACF-4748-9301-0CA3716CB01C}.Release|Any CPU.Build.0 = Release|Any CPU
		{322E53A1-431A-4FB7-A1C6-60E1C5FFFEAF}.Debug|Any CPU.ActiveCfg = Debug|Any CPU
		{322E53A1-431A-4FB7-A1C6-60E1C5FFFEAF}.Debug|Any CPU.Build.0 = Debug|Any CPU
		{322E53A1-431A-4FB7-A1C6-60E1C5FFFEAF}.Release|Any CPU.ActiveCfg = Release|Any CPU
		{322E53A1-431A-4FB7-A1C6-60E1C5FFFEAF}.Release|Any CPU.Build.0 = Release|Any CPU
		{4ECFD72E-2786-4F8D-B921-DA8A0E53B459}.Debug|Any CPU.ActiveCfg = Debug|Any CPU
		{4ECFD72E-2786-4F8D-B921-DA8A0E53B459}.Debug|Any CPU.Build.0 = Debug|Any CPU
		{4ECFD72E-2786-4F8D-B921-DA8A0E53B459}.Release|Any CPU.ActiveCfg = Release|Any CPU
		{4ECFD72E-2786-4F8D-B921-DA8A0E53B459}.Release|Any CPU.Build.0 = Release|Any CPU
		{FC19FE7B-9F81-4A4B-ACD1-DEB80E09692B}.Debug|Any CPU.ActiveCfg = Debug|Any CPU
		{FC19FE7B-9F81-4A4B-ACD1-DEB80E09692B}.Debug|Any CPU.Build.0 = Debug|Any CPU
		{FC19FE7B-9F81-4A4B-ACD1-DEB80E09692B}.Release|Any CPU.ActiveCfg = Release|Any CPU
		{FC19FE7B-9F81-4A4B-ACD1-DEB80E09692B}.Release|Any CPU.Build.0 = Release|Any CPU
		{15F2DAF4-0CED-4501-8364-36C0022C1C22}.Debug|Any CPU.ActiveCfg = Debug|Any CPU
		{15F2DAF4-0CED-4501-8364-36C0022C1C22}.Debug|Any CPU.Build.0 = Debug|Any CPU
		{15F2DAF4-0CED-4501-8364-36C0022C1C22}.Release|Any CPU.ActiveCfg = Release|Any CPU
		{15F2DAF4-0CED-4501-8364-36C0022C1C22}.Release|Any CPU.Build.0 = Release|Any CPU
		{80BCEBCB-1F77-42D4-98BC-7C64DA13958D}.Debug|Any CPU.ActiveCfg = Debug|Any CPU
		{80BCEBCB-1F77-42D4-98BC-7C64DA13958D}.Debug|Any CPU.Build.0 = Debug|Any CPU
		{80BCEBCB-1F77-42D4-98BC-7C64DA13958D}.Release|Any CPU.ActiveCfg = Release|Any CPU
		{80BCEBCB-1F77-42D4-98BC-7C64DA13958D}.Release|Any CPU.Build.0 = Release|Any CPU
		{7F718260-6E72-480B-8100-152D2D4FB2CB}.Debug|Any CPU.ActiveCfg = Debug|Any CPU
		{7F718260-6E72-480B-8100-152D2D4FB2CB}.Debug|Any CPU.Build.0 = Debug|Any CPU
		{7F718260-6E72-480B-8100-152D2D4FB2CB}.Release|Any CPU.ActiveCfg = Release|Any CPU
		{7F718260-6E72-480B-8100-152D2D4FB2CB}.Release|Any CPU.Build.0 = Release|Any CPU
		{3D2AE079-7544-4AD5-B763-56FCE6809CC6}.Debug|Any CPU.ActiveCfg = Debug|Any CPU
		{3D2AE079-7544-4AD5-B763-56FCE6809CC6}.Debug|Any CPU.Build.0 = Debug|Any CPU
		{3D2AE079-7544-4AD5-B763-56FCE6809CC6}.Release|Any CPU.ActiveCfg = Release|Any CPU
		{3D2AE079-7544-4AD5-B763-56FCE6809CC6}.Release|Any CPU.Build.0 = Release|Any CPU
		{F075C2B0-498B-4991-A56A-28F1E44D6A22}.Debug|Any CPU.ActiveCfg = Debug|Any CPU
		{F075C2B0-498B-4991-A56A-28F1E44D6A22}.Debug|Any CPU.Build.0 = Debug|Any CPU
		{F075C2B0-498B-4991-A56A-28F1E44D6A22}.Release|Any CPU.ActiveCfg = Release|Any CPU
		{F075C2B0-498B-4991-A56A-28F1E44D6A22}.Release|Any CPU.Build.0 = Release|Any CPU
	EndGlobalSection
	GlobalSection(SolutionProperties) = preSolution
		HideSolutionNode = FALSE
	EndGlobalSection
	GlobalSection(NestedProjects) = preSolution
		{8C79ACEC-3ACF-4748-9301-0CA3716CB01C} = {54E8D048-8E32-4E1A-B4FF-010630C6EFE1}
		{322E53A1-431A-4FB7-A1C6-60E1C5FFFEAF} = {540B3698-CF8B-4FAB-B3CF-FF6E32DF5EB2}
		{4ECFD72E-2786-4F8D-B921-DA8A0E53B459} = {540B3698-CF8B-4FAB-B3CF-FF6E32DF5EB2}
		{FC19FE7B-9F81-4A4B-ACD1-DEB80E09692B} = {540B3698-CF8B-4FAB-B3CF-FF6E32DF5EB2}
		{15F2DAF4-0CED-4501-8364-36C0022C1C22} = {540B3698-CF8B-4FAB-B3CF-FF6E32DF5EB2}
		{80BCEBCB-1F77-42D4-98BC-7C64DA13958D} = {540B3698-CF8B-4FAB-B3CF-FF6E32DF5EB2}
		{7F718260-6E72-480B-8100-152D2D4FB2CB} = {54E8D048-8E32-4E1A-B4FF-010630C6EFE1}
		{3D2AE079-7544-4AD5-B763-56FCE6809CC6} = {54E8D048-8E32-4E1A-B4FF-010630C6EFE1}
		{F075C2B0-498B-4991-A56A-28F1E44D6A22} = {54E8D048-8E32-4E1A-B4FF-010630C6EFE1}
	EndGlobalSection
	GlobalSection(ExtensibilityGlobals) = postSolution
		SolutionGuid = {F31D7642-B952-4799-A915-92F550F15F6F}
	EndGlobalSection
EndGlobal
